
Microsoft Visual Studio Solution File, Format Version 12.00
# Visual Studio Version 17
VisualStudioVersion = 17.12.35707.178
MinimumVisualStudioVersion = 10.0.40219.1
Project("{FAE04EC0-301F-11D3-BF4B-00C04F79EFBC}") = "WeatherInfo.Api", "WeatherInfo.Api\WeatherInfo.Api.csproj", "{244254BE-A74C-4207-9B0F-BDD196FBC159}"
EndProject
Project("{FAE04EC0-301F-11D3-BF4B-00C04F79EFBC}") = "WeatherInfo.Infra", "WeatherInfo.Infra\WeatherInfo.Infra.csproj", "{3A4D0C4E-9482-411E-9B38-B502E58D6733}"
EndProject
Project("{FAE04EC0-301F-11D3-BF4B-00C04F79EFBC}") = "WeatherInfo.Service", "WeatherInfo.Service\WeatherInfo.Service.csproj", "{EAA97635-DBED-411E-A449-C4ADCE7181C5}"
EndProject
Project("{FAE04EC0-301F-11D3-BF4B-00C04F79EFBC}") = "WeatherInfo.Test", "WeatherInfo.Test\WeatherInfo.Test.csproj", "{2D6A4151-7BA7-47A7-B11C-3C31A8CA8CA3}"
EndProject
Global
	GlobalSection(SolutionConfigurationPlatforms) = preSolution
		Debug|Any CPU = Debug|Any CPU
		Release|Any CPU = Release|Any CPU
	EndGlobalSection
	GlobalSection(ProjectConfigurationPlatforms) = postSolution
		{244254BE-A74C-4207-9B0F-BDD196FBC159}.Debug|Any CPU.ActiveCfg = Debug|Any CPU
		{244254BE-A74C-4207-9B0F-BDD196FBC159}.Debug|Any CPU.Build.0 = Debug|Any CPU
		{244254BE-A74C-4207-9B0F-BDD196FBC159}.Release|Any CPU.ActiveCfg = Release|Any CPU
		{244254BE-A74C-4207-9B0F-BDD196FBC159}.Release|Any CPU.Build.0 = Release|Any CPU
		{3A4D0C4E-9482-411E-9B38-B502E58D6733}.Debug|Any CPU.ActiveCfg = Debug|Any CPU
		{3A4D0C4E-9482-411E-9B38-B502E58D6733}.Debug|Any CPU.Build.0 = Debug|Any CPU
		{3A4D0C4E-9482-411E-9B38-B502E58D6733}.Release|Any CPU.ActiveCfg = Release|Any CPU
		{3A4D0C4E-9482-411E-9B38-B502E58D6733}.Release|Any CPU.Build.0 = Release|Any CPU
		{EAA97635-DBED-411E-A449-C4ADCE7181C5}.Debug|Any CPU.ActiveCfg = Debug|Any CPU
		{EAA97635-DBED-411E-A449-C4ADCE7181C5}.Debug|Any CPU.Build.0 = Debug|Any CPU
		{EAA97635-DBED-411E-A449-C4ADCE7181C5}.Release|Any CPU.ActiveCfg = Release|Any CPU
		{EAA97635-DBED-411E-A449-C4ADCE7181C5}.Release|Any CPU.Build.0 = Release|Any CPU
		{2D6A4151-7BA7-47A7-B11C-3C31A8CA8CA3}.Debug|Any CPU.ActiveCfg = Debug|Any CPU
		{2D6A4151-7BA7-47A7-B11C-3C31A8CA8CA3}.Debug|Any CPU.Build.0 = Debug|Any CPU
		{2D6A4151-7BA7-47A7-B11C-3C31A8CA8CA3}.Release|Any CPU.ActiveCfg = Release|Any CPU
		{2D6A4151-7BA7-47A7-B11C-3C31A8CA8CA3}.Release|Any CPU.Build.0 = Release|Any CPU
	EndGlobalSection
	GlobalSection(SolutionProperties) = preSolution
		HideSolutionNode = FALSE
	EndGlobalSection
EndGlobal
